
Microsoft Visual Studio Solution File, Format Version 10.00
# Visual Studio 2008
Project("{FAE04EC0-301F-11D3-BF4B-00C04F79EFBC}") = "InWFExample", "InWFExample\InWFExample.csproj", "{9AF11DCC-09B1-4296-946A-8627588A1E9D}"
EndProject
Global
	GlobalSection(SolutionConfigurationPlatforms) = preSolution
		Debug|Any CPU = Debug|Any CPU
		Release|Any CPU = Release|Any CPU
	EndGlobalSection
	GlobalSection(ProjectConfigurationPlatforms) = postSolution
		{9AF11DCC-09B1-4296-946A-8627588A1E9D}.Debug|Any CPU.ActiveCfg = Debug|Any CPU
		{9AF11DCC-09B1-4296-946A-8627588A1E9D}.Debug|Any CPU.Build.0 = Debug|Any CPU
		{9AF11DCC-09B1-4296-946A-8627588A1E9D}.Release|Any CPU.ActiveCfg = Release|Any CPU
		{9AF11DCC-09B1-4296-946A-8627588A1E9D}.Release|Any CPU.Build.0 = Release|Any CPU
	EndGlobalSection
	GlobalSection(SolutionProperties) = preSolution
		HideSolutionNode = FALSE
	EndGlobalSection
EndGlobal
